
Microsoft Visual Studio Solution File, Format Version 12.00
# Visual Studio 15
VisualStudioVersion = 15.0.26430.14
MinimumVisualStudioVersion = 10.0.40219.1
Project("{2150E333-8FDC-42A3-9474-1A3956D46DE8}") = "src", "src", "{C0A82CE3-D4F5-4CAC-A04A-FE190C76331E}"
EndProject
Project("{2150E333-8FDC-42A3-9474-1A3956D46DE8}") = "Solution Items", "Solution Items", "{ADE87BB0-C92D-4CFD-99F7-3B2F5ED7613B}"
EndProject
Project("{9A19103F-16F7-4668-BE54-9A1E7A4F7556}") = "GameCenter", "src\GameCenter\GameCenter.csproj", "{6FC2F160-A31A-4A8C-8AE3-3EC9E1A0BFE9}"
EndProject
Global
	GlobalSection(SolutionConfigurationPlatforms) = preSolution
		Debug|Any CPU = Debug|Any CPU
		Release|Any CPU = Release|Any CPU
	EndGlobalSection
	GlobalSection(ProjectConfigurationPlatforms) = postSolution
		{6FC2F160-A31A-4A8C-8AE3-3EC9E1A0BFE9}.Debug|Any CPU.ActiveCfg = Debug|Any CPU
		{6FC2F160-A31A-4A8C-8AE3-3EC9E1A0BFE9}.Debug|Any CPU.Build.0 = Debug|Any CPU
		{6FC2F160-A31A-4A8C-8AE3-3EC9E1A0BFE9}.Release|Any CPU.ActiveCfg = Release|Any CPU
		{6FC2F160-A31A-4A8C-8AE3-3EC9E1A0BFE9}.Release|Any CPU.Build.0 = Release|Any CPU
	EndGlobalSection
	GlobalSection(SolutionProperties) = preSolution
		HideSolutionNode = FALSE
	EndGlobalSection
	GlobalSection(NestedProjects) = preSolution
		{6FC2F160-A31A-4A8C-8AE3-3EC9E1A0BFE9} = {C0A82CE3-D4F5-4CAC-A04A-FE190C76331E}
	EndGlobalSection
EndGlobal
